
Microsoft Visual Studio Solution File, Format Version 12.00
# Visual Studio Version 16
VisualStudioVersion = 16.0.32106.194
MinimumVisualStudioVersion = 10.0.40219.1
Project("{FAE04EC0-301F-11D3-BF4B-00C04F79EFBC}") = "pain", "pain\pain.csproj", "{418910FF-C1A6-4629-B422-03150731759D}"
EndProject
Global
	GlobalSection(SolutionConfigurationPlatforms) = preSolution
		Debug|Any CPU = Debug|Any CPU
		Release|Any CPU = Release|Any CPU
	EndGlobalSection
	GlobalSection(ProjectConfigurationPlatforms) = postSolution
		{418910FF-C1A6-4629-B422-03150731759D}.Debug|Any CPU.ActiveCfg = Debug|Any CPU
		{418910FF-C1A6-4629-B422-03150731759D}.Debug|Any CPU.Build.0 = Debug|Any CPU
		{418910FF-C1A6-4629-B422-03150731759D}.Release|Any CPU.ActiveCfg = Release|Any CPU
		{418910FF-C1A6-4629-B422-03150731759D}.Release|Any CPU.Build.0 = Release|Any CPU
	EndGlobalSection
	GlobalSection(SolutionProperties) = preSolution
		HideSolutionNode = FALSE
	EndGlobalSection
	GlobalSection(ExtensibilityGlobals) = postSolution
		SolutionGuid = {161E2FB5-A77B-4AC4-AAA6-77308E2BA076}
	EndGlobalSection
EndGlobal
